
Microsoft Visual Studio Solution File, Format Version 12.00
# Visual Studio Version 17
VisualStudioVersion = 17.0.31919.166
MinimumVisualStudioVersion = 10.0.40219.1
Project("{FAE04EC0-301F-11D3-BF4B-00C04F79EFBC}") = "UC9_16-02-2023_cadastro", "UC9_16-02-2023_cadastro\UC9_16-02-2023_cadastro.csproj", "{675C52D2-FA1F-4707-A0B9-2D55A076626C}"
EndProject
Global
	GlobalSection(SolutionConfigurationPlatforms) = preSolution
		Debug|Any CPU = Debug|Any CPU
		Release|Any CPU = Release|Any CPU
	EndGlobalSection
	GlobalSection(ProjectConfigurationPlatforms) = postSolution
		{675C52D2-FA1F-4707-A0B9-2D55A076626C}.Debug|Any CPU.ActiveCfg = Debug|Any CPU
		{675C52D2-FA1F-4707-A0B9-2D55A076626C}.Debug|Any CPU.Build.0 = Debug|Any CPU
		{675C52D2-FA1F-4707-A0B9-2D55A076626C}.Release|Any CPU.ActiveCfg = Release|Any CPU
		{675C52D2-FA1F-4707-A0B9-2D55A076626C}.Release|Any CPU.Build.0 = Release|Any CPU
	EndGlobalSection
	GlobalSection(SolutionProperties) = preSolution
		HideSolutionNode = FALSE
	EndGlobalSection
	GlobalSection(ExtensibilityGlobals) = postSolution
		SolutionGuid = {1C729B4F-11CD-4BC9-B458-D2CB10B85C45}
	EndGlobalSection
EndGlobal
